{
  "nodes": {
    "nixpkgs": {
      "locked": {
        "lastModified": 1620808985,
        "narHash": "sha256-cf/+g1RVawT0rcKmfh2nf/lgnSrj9YZS+1PkCFmoeJQ=",
        "owner": "NixOS",
        "repo": "nixpkgs",
        "rev": "327368f98c6a927a84aed3c2f2fd1a7f6983e855",
        "type": "github"
      },
      "original": {
        "id": "nixpkgs",
        "ref": "nixos-20.09",
        "type": "indirect"
      }
    },
    "root": {
      "inputs": {
        "nixpkgs": "nixpkgs",
        "unstable": "unstable"
      }
    },
    "unstable": {
      "locked": {
        "lastModified": 1620871477,
        "narHash": "sha256-8k9Yb/53HNjHP4poIxD1A0d5Uhv9Ob0YHf991J+iL5c=",
        "owner": "NixOS",
        "repo": "nixpkgs",
        "rev": "9c0ca46a6d23883d883fedb9bfd51f286b0a0789",
        "type": "github"
      },
      "original": {
        "id": "nixpkgs",
        "ref": "nixpkgs-unstable",
        "type": "indirect"
      }
    }
  },
  "root": "root",
  "version": 7
}
